
Microsoft Visual Studio Solution File, Format Version 12.00
# Visual Studio Version 17
VisualStudioVersion = 17.9.34728.123
MinimumVisualStudioVersion = 10.0.40219.1
Project("{FAE04EC0-301F-11D3-BF4B-00C04F79EFBC}") = "CRUD", "CRUD\CRUD.csproj", "{FD3F2C56-A6E9-4D55-B762-66397333EC7C}"
EndProject
Global
	GlobalSection(SolutionConfigurationPlatforms) = preSolution
		Debug|Any CPU = Debug|Any CPU
		Release|Any CPU = Release|Any CPU
	EndGlobalSection
	GlobalSection(ProjectConfigurationPlatforms) = postSolution
		{FD3F2C56-A6E9-4D55-B762-66397333EC7C}.Debug|Any CPU.ActiveCfg = Debug|Any CPU
		{FD3F2C56-A6E9-4D55-B762-66397333EC7C}.Debug|Any CPU.Build.0 = Debug|Any CPU
		{FD3F2C56-A6E9-4D55-B762-66397333EC7C}.Release|Any CPU.ActiveCfg = Release|Any CPU
		{FD3F2C56-A6E9-4D55-B762-66397333EC7C}.Release|Any CPU.Build.0 = Release|Any CPU
	EndGlobalSection
	GlobalSection(SolutionProperties) = preSolution
		HideSolutionNode = FALSE
	EndGlobalSection
	GlobalSection(ExtensibilityGlobals) = postSolution
		SolutionGuid = {89805287-54B3-471B-8492-37CA5432361A}
	EndGlobalSection
EndGlobal
